// !$*UTF8*$!
{
	archiveVersion = 1;
	classes = {
	};
	objectVersion = 56;
	objects = {

/* Begin PBXBuildFile section */
		751BCA80D21B433B93F7AD98 /* ContentView.swift in Sources */ = {isa = PBXBuildFile; fileRef = D761D85DF950423AB49461CD /* ContentView.swift */; };
		F987CA0E51CF45C0B61C2BD8 /* PetConnectApp.swift in Sources */ = {isa = PBXBuildFile; fileRef = 2948E6F9D5044628A4CC9DF5 /* PetConnectApp.swift */; };
		A063740881D7418DA89EAFD9 /* Theme.swift in Sources */ = {isa = PBXBuildFile; fileRef = AD3C13341AA44CB0B0D04388 /* Theme.swift */; };
/* End PBXBuildFile section */

/* Begin PBXFileReference section */
		7DC5B60797EC45B0A55376D5 /* ContentView.swift */ = {isa = PBXFileReference; lastKnownFileType = sourcecode.swift; path = ContentView.swift; sourceTree = "<group>"; };
		C0B0537C7A9F43C2B9992EC0 /* PetConnect.app */ = {isa = PBXFileReference; explicitFileType = wrapper.application; includeInIndex = 0; path = PetConnect.app; sourceTree = BUILT_PRODUCTS_DIR; };
		DE3C4CA374FF41708D7AA54F /* PetConnectApp.swift */ = {isa = PBXFileReference; lastKnownFileType = sourcecode.swift; path = PetConnectApp.swift; sourceTree = "<group>"; };
		8B520D794E1D494BB132CB80 /* Theme.swift */ = {isa = PBXFileReference; lastKnownFileType = sourcecode.swift; path = Theme.swift; sourceTree = "<group>"; };
		5E19747F0F0D48C5AB9DE455 /* PetConnect.entitlements */ = {isa = PBXFileReference; lastKnownFileType = text.plist.entitlements; path = PetConnect.entitlements; sourceTree = "<group>"; };
/* End PBXFileReference section */

/* Begin PBXFrameworksBuildPhase section */
		F1A3AB2346CD441C91D9135F /* Frameworks */ = {
			isa = PBXFrameworksBuildPhase;
			buildActionMask = 2147483647;
			files = (
			);
			runOnlyForDeploymentPostprocessing = 0;
		};
/* End PBXFrameworksBuildPhase section */

/* Begin PBXGroup section */
		FFFD372DFDD74F5BBF1EF4D2 /* PetConnect */ = {
			isa = PBXGroup;
			children = (
				096F2AC665F04ADDA1B2725F /* PetConnect */, 
				96B9C57022724CEBB701EF3E /* PetConnectTests */, 
				B8981F2D35E74EBA87A0C185 /* Products */, 
			);
			sourceTree = "<group>";
		};
		981612479DEE407497ABDE1C /* Products */ = {
			isa = PBXGroup;
			children = (
				7809B51E65604C86A07927F2 /* PetConnect.app */, 
			);
			name = Products;
			sourceTree = "<group>";
		};
		FA7AAD78E03645A38E3F9D64 /* PetConnect */ = {
			isa = PBXGroup;
			children = (
				F00F5B3912AC46D989389EDF /* Models */, 
				41FD2A7E14B3472B8FD520C3 /* Network */, 
				26C7C62D80074094B79F0275 /* Views */, 
				4A6BC197A051471EB4355CDF /* ViewModels */, 
				1D07EF82BCDC48D38C78D88E /* Utils */, 
				A21743FA74A1499893B8D9BC /* ContentView.swift */, 
				F7A9222044CB4F84BF57F1FB /* PetConnectApp.swift */, 
				0BDA1C7D27DE40B88C75A347 /* Theme.swift */, 
				19C66B0109624B07AAADCA50 /* PetConnect.entitlements */, 
			);
			path = ".";
			sourceTree = "<group>";
		};
		9E05DF6B774740B68C458C21 /* Models */ = {
			isa = PBXGroup;
			children = (
				0B8EF4BB12804A9D902F0271 /* Pet.swift */, 
				E19E248DA5B5468FB7580249 /* Post.swift */, 
				8C39A16DCF0A4FA3AC64426C /* Service.swift */, 
				FC6D276FB9F141338488BA9A /* Message.swift */, 
				B7D45419A61E4536BDEF96F1 /* NetworkResponse.swift */, 
				05E3A24D175142D3B609E689 /* Models.swift */, 
			);
			path = Models;
			sourceTree = "<group>";
		};
		69747C61111248649BE29B3E /* Network */ = {
			isa = PBXGroup;
			children = (
				04A6BE28DCE8418E894D53FC /* APIClient.swift */, 
				AD5F2B532CD942E4B80BAA41 /* PetAPI.swift */, 
				E446756F7E5C46C7BCCA78CD /* PostAPI.swift */, 
				D314C53DCC8E42AFAFDE1FB9 /* ServiceAPI.swift */, 
				2377FBBE58954BB38039CC31 /* MessageAPI.swift */, 
				6E15A9F040794946BFA6B4B2 /* LocationAPI.swift */, 
			);
			path = Network;
			sourceTree = "<group>";
		};
		10447C7F89DB4E97A62B0D3D /* Views */ = {
			isa = PBXGroup;
			children = (
				E555B2A7091F4A93B5FEA625 /* Home */, 
				43A4D1AB67EF4D4E9D48671C /* Discovery */, 
				A4C5A65136334FBF8C2A6785 /* Community */, 
				060005DA85974BB5B26F679E /* Services */, 
				78D9FB9FE4804963BA5172F4 /* Profile */, 
			);
			path = Views;
			sourceTree = "<group>";
		};
		5DB71708ED374E80ABBA4761 /* ViewModels */ = {
			isa = PBXGroup;
			children = (
				9B814F222EE6434F8564B88A /* PetViewModel.swift */, 
				06CF5D3748814089ADD6700D /* PostViewModel.swift */, 
				3BADCE447EDA47B8864AC34F /* ServiceViewModel.swift */, 
				93A56E5DC1C344CE87B7C33F /* LocationViewModel.swift */, 
			);
			path = ViewModels;
			sourceTree = "<group>";
		};
		2A599216A81542DDA623E7A6 /* Utils */ = {
			isa = PBXGroup;
			children = (
				99B39A0205C44E71BF2C38CF /* Constants.swift */, 
			);
			path = Utils;
			sourceTree = "<group>";
		};
/* End PBXGroup section */

/* Begin PBXNativeTarget section */
		A26BE3AEACD74994949FC17F /* PetConnect */ = {
			isa = PBXNativeTarget;
			buildConfigurationList = 1A3DFB2A854F4478BDF6181D /* Build configuration list for PBXNativeTarget "PetConnect" */;
			buildPhases = (
				D2BB4D7098A04124834FC4FD /* Sources */, 
				655B362FFE3C4F94AE26E40F /* Frameworks */, 
			);
			buildRules = (
			);
			dependencies = (
			);
			name = PetConnect;
			path = .;
			productName = PetConnect;
			productReference = E1ABCE496A0A482EB4CD8A5E /* PetConnect.app */;
			productType = "com.apple.product-type.application";
		};
/* End PBXNativeTarget section */

/* Begin PBXProject section */
		A26BE3AEACD74994949FC17F /* Project object */ = {
			isa = PBXProject;
			attributes = {
				BuildIndependentTargetsInParallel = 1;
				LastSwiftUpdateCheck = 1500;
				LastUpgradeCheck = 1500;
				TargetAttributes = {
					A26BE3AEACD74994949FC17F /* PetConnect */ = {
						CreatedOnToolsVersion = 15.0;
					};
				};
			};
			buildConfigurationList = A09683581D0645D7BBA9B54A /* Build configuration list for PBXProject "PetConnect" */;
			compatibilityVersion = "Xcode 14.0";
			developmentRegion = en;
			hasScannedForEncodings = 0;
			knownRegions = (
				en,
				Base,
			);
			mainGroup = EB012B4ED1DD41369EFE09F5 /* PetConnect */;
			productRefGroup = 68979C5296D5412FB9D58B72 /* Products */;
			projectDirPath = "";
			projectRoot = "";
			targets = (
				A26BE3AEACD74994949FC17F /* PetConnect */, 
			);
		};
/* End PBXProject section */

/* Begin PBXSourcesBuildPhase section */
		EAE9D3078F8A4BCE9E60633C /* Sources */ = {
			isa = PBXSourcesBuildPhase;
			buildActionMask = 2147483647;
			files = (
				52B87C89671F41B4A6F07DEC /* ContentView.swift in Sources */, 
				74A517B7CCBF450999561818 /* PetConnectApp.swift in Sources */, 
				E7996DA932A943DCB306E072 /* Theme.swift in Sources */, 
				93068391004749A1A3103409 /* Pet.swift in Sources */, 
				FD0039DFB96A439AA4E3A342 /* Post.swift in Sources */, 
				7F8E46FAE3A14407AA79769F /* Service.swift in Sources */, 
				B03808C33D774D528970A7A0 /* Message.swift in Sources */, 
				5578AB06A8B4403DAD13BDC9 /* NetworkResponse.swift in Sources */, 
				91890E33DF2D4B2EA6043427 /* Models.swift in Sources */, 
				2905B499C1D4443381A6BD44 /* APIClient.swift in Sources */, 
				1B1DA5D3C60D40E2AA333F4C /* PetAPI.swift in Sources */, 
				A043BCD9BDCD473BAD07A4D3 /* PostAPI.swift in Sources */, 
				6D38A50C8ABD4521ABF0E8A4 /* ServiceAPI.swift in Sources */, 
				62D76C4208E044A2902BE619 /* MessageAPI.swift in Sources */, 
				BA2866140BB84E4CAE314D20 /* LocationAPI.swift in Sources */, 
				354F02635FFD422195FF2F9B /* PetViewModel.swift in Sources */, 
				789C5D982E9D470380D6C5D0 /* PostViewModel.swift in Sources */, 
				331CE1C128664647AD7EA78C /* ServiceViewModel.swift in Sources */, 
				7009C63662FB42FB964156BC /* LocationViewModel.swift in Sources */, 
				187653A06ACF4B5E9EFF1B6A /* Constants.swift in Sources */, 
				DE60279011A0419C9A517F53 /* HomeView.swift in Sources */, 
				919BC51E45A04458A024EBEA /* NearbyPetsView.swift in Sources */, 
				9CB0C41C653F4A3BA07B5838 /* FeedView.swift in Sources */, 
				15ACC460239246168128DFA2 /* ServicesListView.swift in Sources */, 
			);
			runOnlyForDeploymentPostprocessing = 0;
		};
/* End PBXSourcesBuildPhase section */

	};
	rootObject = A26BE3AEACD74994949FC17F /* Project object */;
}
